{
  "name": "ga-wdi-boston.browser-template",
  "version": "0.0.3",
  "lockfileVersion": 1,
  "requires": true,
  "dependencies": {
    "linearicons": {
      "version": "1.0.1",
      "resolved": "https://registry.npmjs.org/linearicons/-/linearicons-1.0.1.tgz",
      "integrity": "sha512-8bDW6buQCeC3I7H8lQeQ6LOIE63GSnwHMrjxl3+hJQ4mxWGB6HgqKveBfc+4+rxwmqDlVWGUgKHx0XLdLraC6Q=="
    }
  }
}
